// !$*UTF8*$!
{
	archiveVersion = 1;
	classes = {
	};
	objectVersion = 46;
	objects = {

/* Begin PBXBuildFile section */
		C34C84271D05785400AC0042 /* SelectGroupTableViewCell.swift in Sources */ = {isa = PBXBuildFile; fileRef = C34C84261D05785400AC0042 /* SelectGroupTableViewCell.swift */; };
		C34C84291D05786200AC0042 /* SelectWorkoutTableViewCell.swift in Sources */ = {isa = PBXBuildFile; fileRef = C34C84281D05786200AC0042 /* SelectWorkoutTableViewCell.swift */; };
		C34C842B1D05787600AC0042 /* SelectExerciseTableViewCell.swift in Sources */ = {isa = PBXBuildFile; fileRef = C34C842A1D05787600AC0042 /* SelectExerciseTableViewCell.swift */; };
		C38FD28F1D05A63600272E5E /* AttachWorkoutTableViewController.swift in Sources */ = {isa = PBXBuildFile; fileRef = C38FD28E1D05A63600272E5E /* AttachWorkoutTableViewController.swift */; };
		C38FD2911D05A64A00272E5E /* AttachWorkoutTableViewCell.swift in Sources */ = {isa = PBXBuildFile; fileRef = C38FD2901D05A64A00272E5E /* AttachWorkoutTableViewCell.swift */; };
		C38FD2941D0632F900272E5E /* AttachExerciseTableViewCell.swift in Sources */ = {isa = PBXBuildFile; fileRef = C38FD2931D0632F900272E5E /* AttachExerciseTableViewCell.swift */; };
		C38FD2961D06331100272E5E /* AttachExerciseTableViewController.swift in Sources */ = {isa = PBXBuildFile; fileRef = C38FD2951D06331100272E5E /* AttachExerciseTableViewController.swift */; };
		C38FD2981D06E31200272E5E /* RegisterViewController.swift in Sources */ = {isa = PBXBuildFile; fileRef = C38FD2971D06E31200272E5E /* RegisterViewController.swift */; };
		C3E458341D053ABE00F28C27 /* AppDelegate.swift in Sources */ = {isa = PBXBuildFile; fileRef = C3E458331D053ABE00F28C27 /* AppDelegate.swift */; };
		C3E458391D053ABE00F28C27 /* Main.storyboard in Resources */ = {isa = PBXBuildFile; fileRef = C3E458371D053ABE00F28C27 /* Main.storyboard */; };
		C3E4583B1D053ABE00F28C27 /* Assets.xcassets in Resources */ = {isa = PBXBuildFile; fileRef = C3E4583A1D053ABE00F28C27 /* Assets.xcassets */; };
		C3E4583E1D053ABE00F28C27 /* LaunchScreen.storyboard in Resources */ = {isa = PBXBuildFile; fileRef = C3E4583C1D053ABE00F28C27 /* LaunchScreen.storyboard */; };
		C3E458491D053ABE00F28C27 /* SpartanLogTests.swift in Sources */ = {isa = PBXBuildFile; fileRef = C3E458481D053ABE00F28C27 /* SpartanLogTests.swift */; };
		C3E458541D053ABE00F28C27 /* SpartanLogUITests.swift in Sources */ = {isa = PBXBuildFile; fileRef = C3E458531D053ABE00F28C27 /* SpartanLogUITests.swift */; };
		C3E4586A1D053DD000F28C27 /* ExerciseTableViewController.swift in Sources */ = {isa = PBXBuildFile; fileRef = C3E458691D053DD000F28C27 /* ExerciseTableViewController.swift */; };
		C3E4586C1D053DE300F28C27 /* ExerciseTableViewCell.swift in Sources */ = {isa = PBXBuildFile; fileRef = C3E4586B1D053DE300F28C27 /* ExerciseTableViewCell.swift */; };
		C3E4586E1D053DF800F28C27 /* ExerciseDetailViewController.swift in Sources */ = {isa = PBXBuildFile; fileRef = C3E4586D1D053DF800F28C27 /* ExerciseDetailViewController.swift */; };
		C3E458701D053E0C00F28C27 /* ExerciseService.swift in Sources */ = {isa = PBXBuildFile; fileRef = C3E4586F1D053E0C00F28C27 /* ExerciseService.swift */; };
		C3E458721D053E1500F28C27 /* Exercise.swift in Sources */ = {isa = PBXBuildFile; fileRef = C3E458711D053E1500F28C27 /* Exercise.swift */; };
		C3E458741D053E2900F28C27 /* SpartanAPI.swift in Sources */ = {isa = PBXBuildFile; fileRef = C3E458731D053E2900F28C27 /* SpartanAPI.swift */; };
		C3E458761D053E4F00F28C27 /* WorkoutTableViewController.swift in Sources */ = {isa = PBXBuildFile; fileRef = C3E458751D053E4F00F28C27 /* WorkoutTableViewController.swift */; };
		C3E458781D053E5D00F28C27 /* WorkoutTableViewCell.swift in Sources */ = {isa = PBXBuildFile; fileRef = C3E458771D053E5D00F28C27 /* WorkoutTableViewCell.swift */; };
		C3E4587A1D053E6A00F28C27 /* WorkoutDetailViewController.swift in Sources */ = {isa = PBXBuildFile; fileRef = C3E458791D053E6A00F28C27 /* WorkoutDetailViewController.swift */; };
		C3E4587C1D053E7A00F28C27 /* Workout.swift in Sources */ = {isa = PBXBuildFile; fileRef = C3E4587B1D053E7A00F28C27 /* Workout.swift */; };
		C3E4587E1D053E8700F28C27 /* WorkoutService.swift in Sources */ = {isa = PBXBuildFile; fileRef = C3E4587D1D053E8700F28C27 /* WorkoutService.swift */; };
		C3E458801D053E9700F28C27 /* GroupTableViewController.swift in Sources */ = {isa = PBXBuildFile; fileRef = C3E4587F1D053E9700F28C27 /* GroupTableViewController.swift */; };
		C3E458821D053EA400F28C27 /* GroupTableViewCell.swift in Sources */ = {isa = PBXBuildFile; fileRef = C3E458811D053EA400F28C27 /* GroupTableViewCell.swift */; };
		C3E458841D053EBB00F28C27 /* GroupDetailViewController.swift in Sources */ = {isa = PBXBuildFile; fileRef = C3E458831D053EBB00F28C27 /* GroupDetailViewController.swift */; };
		C3E458861D053ECE00F28C27 /* Group.swift in Sources */ = {isa = PBXBuildFile; fileRef = C3E458851D053ECE00F28C27 /* Group.swift */; };
		C3E458881D053ED600F28C27 /* GroupService.swift in Sources */ = {isa = PBXBuildFile; fileRef = C3E458871D053ED600F28C27 /* GroupService.swift */; };
		C3E4588A1D053EF000F28C27 /* LoginViewController.swift in Sources */ = {isa = PBXBuildFile; fileRef = C3E458891D053EF000F28C27 /* LoginViewController.swift */; };
		C3E4588C1D053EFB00F28C27 /* UserService.swift in Sources */ = {isa = PBXBuildFile; fileRef = C3E4588B1D053EFB00F28C27 /* UserService.swift */; };
		C3E4588E1D053F0C00F28C27 /* SetDetailViewController.swift in Sources */ = {isa = PBXBuildFile; fileRef = C3E4588D1D053F0C00F28C27 /* SetDetailViewController.swift */; };
		C3E458901D053F1A00F28C27 /* SetTableViewController.swift in Sources */ = {isa = PBXBuildFile; fileRef = C3E4588F1D053F1A00F28C27 /* SetTableViewController.swift */; };
		C3E458921D053F2700F28C27 /* SetTableViewCell.swift in Sources */ = {isa = PBXBuildFile; fileRef = C3E458911D053F2700F28C27 /* SetTableViewCell.swift */; };
		C3E458941D053F3400F28C27 /* SetService.swift in Sources */ = {isa = PBXBuildFile; fileRef = C3E458931D053F3400F28C27 /* SetService.swift */; };
		C3E458961D053F3B00F28C27 /* Set.swift in Sources */ = {isa = PBXBuildFile; fileRef = C3E458951D053F3B00F28C27 /* Set.swift */; };
		C3E458981D053F6000F28C27 /* SelectGroupTableViewController.swift in Sources */ = {isa = PBXBuildFile; fileRef = C3E458971D053F6000F28C27 /* SelectGroupTableViewController.swift */; };
		C3E4589A1D053F7000F28C27 /* SelectWorkoutTableViewController.swift in Sources */ = {isa = PBXBuildFile; fileRef = C3E458991D053F7000F28C27 /* SelectWorkoutTableViewController.swift */; };
		C3E4589C1D053F8100F28C27 /* SelectExerciseTableViewController.swift in Sources */ = {isa = PBXBuildFile; fileRef = C3E4589B1D053F8100F28C27 /* SelectExerciseTableViewController.swift */; };
		C3E4589E1D0552D600F28C27 /* PerformUIUpdatesOnMain.swift in Sources */ = {isa = PBXBuildFile; fileRef = C3E4589D1D0552D600F28C27 /* PerformUIUpdatesOnMain.swift */; };
/* End PBXBuildFile section */

/* Begin PBXContainerItemProxy section */
		C3E458451D053ABE00F28C27 /* PBXContainerItemProxy */ = {
			isa = PBXContainerItemProxy;
			containerPortal = C3E458281D053ABE00F28C27 /* Project object */;
			proxyType = 1;
			remoteGlobalIDString = C3E4582F1D053ABE00F28C27;
			remoteInfo = SpartanLog;
		};
		C3E458501D053ABE00F28C27 /* PBXContainerItemProxy */ = {
			isa = PBXContainerItemProxy;
			containerPortal = C3E458281D053ABE00F28C27 /* Project object */;
			proxyType = 1;
			remoteGlobalIDString = C3E4582F1D053ABE00F28C27;
			remoteInfo = SpartanLog;
		};
/* End PBXContainerItemProxy section */

/* Begin PBXFileReference section */
		C34C84261D05785400AC0042 /* SelectGroupTableViewCell.swift */ = {isa = PBXFileReference; fileEncoding = 4; lastKnownFileType = sourcecode.swift; path = SelectGroupTableViewCell.swift; sourceTree = "<group>"; };
		C34C84281D05786200AC0042 /* SelectWorkoutTableViewCell.swift */ = {isa = PBXFileReference; fileEncoding = 4; lastKnownFileType = sourcecode.swift; path = SelectWorkoutTableViewCell.swift; sourceTree = "<group>"; };
		C34C842A1D05787600AC0042 /* SelectExerciseTableViewCell.swift */ = {isa = PBXFileReference; fileEncoding = 4; lastKnownFileType = sourcecode.swift; path = SelectExerciseTableViewCell.swift; sourceTree = "<group>"; };
		C38FD28E1D05A63600272E5E /* AttachWorkoutTableViewController.swift */ = {isa = PBXFileReference; fileEncoding = 4; lastKnownFileType = sourcecode.swift; path = AttachWorkoutTableViewController.swift; sourceTree = "<group>"; };
		C38FD2901D05A64A00272E5E /* AttachWorkoutTableViewCell.swift */ = {isa = PBXFileReference; fileEncoding = 4; lastKnownFileType = sourcecode.swift; path = AttachWorkoutTableViewCell.swift; sourceTree = "<group>"; };
		C38FD2931D0632F900272E5E /* AttachExerciseTableViewCell.swift */ = {isa = PBXFileReference; fileEncoding = 4; lastKnownFileType = sourcecode.swift; path = AttachExerciseTableViewCell.swift; sourceTree = "<group>"; };
		C38FD2951D06331100272E5E /* AttachExerciseTableViewController.swift */ = {isa = PBXFileReference; fileEncoding = 4; lastKnownFileType = sourcecode.swift; path = AttachExerciseTableViewController.swift; sourceTree = "<group>"; };
		C38FD2971D06E31200272E5E /* RegisterViewController.swift */ = {isa = PBXFileReference; fileEncoding = 4; lastKnownFileType = sourcecode.swift; path = RegisterViewController.swift; sourceTree = "<group>"; };
		C3E458301D053ABE00F28C27 /* SpartanLog.app */ = {isa = PBXFileReference; explicitFileType = wrapper.application; includeInIndex = 0; path = SpartanLog.app; sourceTree = BUILT_PRODUCTS_DIR; };
		C3E458331D053ABE00F28C27 /* AppDelegate.swift */ = {isa = PBXFileReference; lastKnownFileType = sourcecode.swift; path = AppDelegate.swift; sourceTree = "<group>"; };
		C3E458381D053ABE00F28C27 /* Base */ = {isa = PBXFileReference; lastKnownFileType = file.storyboard; name = Base; path = Base.lproj/Main.storyboard; sourceTree = "<group>"; };
		C3E4583A1D053ABE00F28C27 /* Assets.xcassets */ = {isa = PBXFileReference; lastKnownFileType = folder.assetcatalog; path = Assets.xcassets; sourceTree = "<group>"; };
		C3E4583D1D053ABE00F28C27 /* Base */ = {isa = PBXFileReference; lastKnownFileType = file.storyboard; name = Base; path = Base.lproj/LaunchScreen.storyboard; sourceTree = "<group>"; };
		C3E4583F1D053ABE00F28C27 /* Info.plist */ = {isa = PBXFileReference; lastKnownFileType = text.plist.xml; path = Info.plist; sourceTree = "<group>"; };
		C3E458441D053ABE00F28C27 /* SpartanLogTests.xctest */ = {isa = PBXFileReference; explicitFileType = wrapper.cfbundle; includeInIndex = 0; path = SpartanLogTests.xctest; sourceTree = BUILT_PRODUCTS_DIR; };
		C3E458481D053ABE00F28C27 /* SpartanLogTests.swift */ = {isa = PBXFileReference; lastKnownFileType = sourcecode.swift; path = SpartanLogTests.swift; sourceTree = "<group>"; };
		C3E4584A1D053ABE00F28C27 /* Info.plist */ = {isa = PBXFileReference; lastKnownFileType = text.plist.xml; path = Info.plist; sourceTree = "<group>"; };
		C3E4584F1D053ABE00F28C27 /* SpartanLogUITests.xctest */ = {isa = PBXFileReference; explicitFileType = wrapper.cfbundle; includeInIndex = 0; path = SpartanLogUITests.xctest; sourceTree = BUILT_PRODUCTS_DIR; };
		C3E458531D053ABE00F28C27 /* SpartanLogUITests.swift */ = {isa = PBXFileReference; lastKnownFileType = sourcecode.swift; path = SpartanLogUITests.swift; sourceTree = "<group>"; };
		C3E458551D053ABE00F28C27 /* Info.plist */ = {isa = PBXFileReference; lastKnownFileType = text.plist.xml; path = Info.plist; sourceTree = "<group>"; };
		C3E458691D053DD000F28C27 /* ExerciseTableViewController.swift */ = {isa = PBXFileReference; fileEncoding = 4; lastKnownFileType = sourcecode.swift; path = ExerciseTableViewController.swift; sourceTree = "<group>"; };
		C3E4586B1D053DE300F28C27 /* ExerciseTableViewCell.swift */ = {isa = PBXFileReference; fileEncoding = 4; lastKnownFileType = sourcecode.swift; path = ExerciseTableViewCell.swift; sourceTree = "<group>"; };
		C3E4586D1D053DF800F28C27 /* ExerciseDetailViewController.swift */ = {isa = PBXFileReference; fileEncoding = 4; lastKnownFileType = sourcecode.swift; path = ExerciseDetailViewController.swift; sourceTree = "<group>"; };
		C3E4586F1D053E0C00F28C27 /* ExerciseService.swift */ = {isa = PBXFileReference; fileEncoding = 4; lastKnownFileType = sourcecode.swift; path = ExerciseService.swift; sourceTree = "<group>"; };
		C3E458711D053E1500F28C27 /* Exercise.swift */ = {isa = PBXFileReference; fileEncoding = 4; lastKnownFileType = sourcecode.swift; path = Exercise.swift; sourceTree = "<group>"; };
		C3E458731D053E2900F28C27 /* SpartanAPI.swift */ = {isa = PBXFileReference; fileEncoding = 4; lastKnownFileType = sourcecode.swift; path = SpartanAPI.swift; sourceTree = "<group>"; };
		C3E458751D053E4F00F28C27 /* WorkoutTableViewController.swift */ = {isa = PBXFileReference; fileEncoding = 4; lastKnownFileType = sourcecode.swift; path = WorkoutTableViewController.swift; sourceTree = "<group>"; };
		C3E458771D053E5D00F28C27 /* WorkoutTableViewCell.swift */ = {isa = PBXFileReference; fileEncoding = 4; lastKnownFileType = sourcecode.swift; path = WorkoutTableViewCell.swift; sourceTree = "<group>"; };
		C3E458791D053E6A00F28C27 /* WorkoutDetailViewController.swift */ = {isa = PBXFileReference; fileEncoding = 4; lastKnownFileType = sourcecode.swift; path = WorkoutDetailViewController.swift; sourceTree = "<group>"; };
		C3E4587B1D053E7A00F28C27 /* Workout.swift */ = {isa = PBXFileReference; fileEncoding = 4; lastKnownFileType = sourcecode.swift; path = Workout.swift; sourceTree = "<group>"; };
		C3E4587D1D053E8700F28C27 /* WorkoutService.swift */ = {isa = PBXFileReference; fileEncoding = 4; lastKnownFileType = sourcecode.swift; path = WorkoutService.swift; sourceTree = "<group>"; };
		C3E4587F1D053E9700F28C27 /* GroupTableViewController.swift */ = {isa = PBXFileReference; fileEncoding = 4; lastKnownFileType = sourcecode.swift; path = GroupTableViewController.swift; sourceTree = "<group>"; };
		C3E458811D053EA400F28C27 /* GroupTableViewCell.swift */ = {isa = PBXFileReference; fileEncoding = 4; lastKnownFileType = sourcecode.swift; path = GroupTableViewCell.swift; sourceTree = "<group>"; };
		C3E458831D053EBB00F28C27 /* GroupDetailViewController.swift */ = {isa = PBXFileReference; fileEncoding = 4; lastKnownFileType = sourcecode.swift; path = GroupDetailViewController.swift; sourceTree = "<group>"; };
		C3E458851D053ECE00F28C27 /* Group.swift */ = {isa = PBXFileReference; fileEncoding = 4; lastKnownFileType = sourcecode.swift; path = Group.swift; sourceTree = "<group>"; };
		C3E458871D053ED600F28C27 /* GroupService.swift */ = {isa = PBXFileReference; fileEncoding = 4; lastKnownFileType = sourcecode.swift; path = GroupService.swift; sourceTree = "<group>"; };
		C3E458891D053EF000F28C27 /* LoginViewController.swift */ = {isa = PBXFileReference; fileEncoding = 4; lastKnownFileType = sourcecode.swift; path = LoginViewController.swift; sourceTree = "<group>"; };
		C3E4588B1D053EFB00F28C27 /* UserService.swift */ = {isa = PBXFileReference; fileEncoding = 4; lastKnownFileType = sourcecode.swift; path = UserService.swift; sourceTree = "<group>"; };
		C3E4588D1D053F0C00F28C27 /* SetDetailViewController.swift */ = {isa = PBXFileReference; fileEncoding = 4; lastKnownFileType = sourcecode.swift; path = SetDetailViewController.swift; sourceTree = "<group>"; };
		C3E4588F1D053F1A00F28C27 /* SetTableViewController.swift */ = {isa = PBXFileReference; fileEncoding = 4; lastKnownFileType = sourcecode.swift; path = SetTableViewController.swift; sourceTree = "<group>"; };
		C3E458911D053F2700F28C27 /* SetTableViewCell.swift */ = {isa = PBXFileReference; fileEncoding = 4; lastKnownFileType = sourcecode.swift; path = SetTableViewCell.swift; sourceTree = "<group>"; };
		C3E458931D053F3400F28C27 /* SetService.swift */ = {isa = PBXFileReference; fileEncoding = 4; lastKnownFileType = sourcecode.swift; path = SetService.swift; sourceTree = "<group>"; };
		C3E458951D053F3B00F28C27 /* Set.swift */ = {isa = PBXFileReference; fileEncoding = 4; lastKnownFileType = sourcecode.swift; path = Set.swift; sourceTree = "<group>"; };
		C3E458971D053F6000F28C27 /* SelectGroupTableViewController.swift */ = {isa = PBXFileReference; fileEncoding = 4; lastKnownFileType = sourcecode.swift; path = SelectGroupTableViewController.swift; sourceTree = "<group>"; };
		C3E458991D053F7000F28C27 /* SelectWorkoutTableViewController.swift */ = {isa = PBXFileReference; fileEncoding = 4; lastKnownFileType = sourcecode.swift; path = SelectWorkoutTableViewController.swift; sourceTree = "<group>"; };
		C3E4589B1D053F8100F28C27 /* SelectExerciseTableViewController.swift */ = {isa = PBXFileReference; fileEncoding = 4; lastKnownFileType = sourcecode.swift; path = SelectExerciseTableViewController.swift; sourceTree = "<group>"; };
		C3E4589D1D0552D600F28C27 /* PerformUIUpdatesOnMain.swift */ = {isa = PBXFileReference; fileEncoding = 4; lastKnownFileType = sourcecode.swift; path = PerformUIUpdatesOnMain.swift; sourceTree = "<group>"; };
/* End PBXFileReference section */

/* Begin PBXFrameworksBuildPhase section */
		C3E4582D1D053ABE00F28C27 /* Frameworks */ = {
			isa = PBXFrameworksBuildPhase;
			buildActionMask = 2147483647;
			files = (
			);
			runOnlyForDeploymentPostprocessing = 0;
		};
		C3E458411D053ABE00F28C27 /* Frameworks */ = {
			isa = PBXFrameworksBuildPhase;
			buildActionMask = 2147483647;
			files = (
			);
			runOnlyForDeploymentPostprocessing = 0;
		};
		C3E4584C1D053ABE00F28C27 /* Frameworks */ = {
			isa = PBXFrameworksBuildPhase;
			buildActionMask = 2147483647;
			files = (
			);
			runOnlyForDeploymentPostprocessing = 0;
		};
/* End PBXFrameworksBuildPhase section */

/* Begin PBXGroup section */
		C38FD28D1D05A5DF00272E5E /* WorkoutAttachment */ = {
			isa = PBXGroup;
			children = (
				C38FD28E1D05A63600272E5E /* AttachWorkoutTableViewController.swift */,
				C38FD2901D05A64A00272E5E /* AttachWorkoutTableViewCell.swift */,
			);
			name = WorkoutAttachment;
			sourceTree = "<group>";
		};
		C38FD2921D0632BD00272E5E /* ExerciseAttachment */ = {
			isa = PBXGroup;
			children = (
				C38FD2951D06331100272E5E /* AttachExerciseTableViewController.swift */,
				C38FD2931D0632F900272E5E /* AttachExerciseTableViewCell.swift */,
			);
			name = ExerciseAttachment;
			sourceTree = "<group>";
		};
		C3E458271D053ABE00F28C27 = {
			isa = PBXGroup;
			children = (
				C3E458321D053ABE00F28C27 /* SpartanLog */,
				C3E458471D053ABE00F28C27 /* SpartanLogTests */,
				C3E458521D053ABE00F28C27 /* SpartanLogUITests */,
				C3E458311D053ABE00F28C27 /* Products */,
			);
			sourceTree = "<group>";
		};
		C3E458311D053ABE00F28C27 /* Products */ = {
			isa = PBXGroup;
			children = (
				C3E458301D053ABE00F28C27 /* SpartanLog.app */,
				C3E458441D053ABE00F28C27 /* SpartanLogTests.xctest */,
				C3E4584F1D053ABE00F28C27 /* SpartanLogUITests.xctest */,
			);
			name = Products;
			sourceTree = "<group>";
		};
		C3E458321D053ABE00F28C27 /* SpartanLog */ = {
			isa = PBXGroup;
			children = (
				C3E458651D053D6E00F28C27 /* Log */,
				C3E458641D053D6800F28C27 /* Login */,
				C3E458631D053D6100F28C27 /* Group */,
				C3E458621D053D5B00F28C27 /* Workout */,
				C3E458611D053D5300F28C27 /* Exercise */,
				C3E458331D053ABE00F28C27 /* AppDelegate.swift */,
				C3E458731D053E2900F28C27 /* SpartanAPI.swift */,
				C3E4589D1D0552D600F28C27 /* PerformUIUpdatesOnMain.swift */,
				C3E458371D053ABE00F28C27 /* Main.storyboard */,
				C3E4583A1D053ABE00F28C27 /* Assets.xcassets */,
				C3E4583C1D053ABE00F28C27 /* LaunchScreen.storyboard */,
				C3E4583F1D053ABE00F28C27 /* Info.plist */,
			);
			path = SpartanLog;
			sourceTree = "<group>";
		};
		C3E458471D053ABE00F28C27 /* SpartanLogTests */ = {
			isa = PBXGroup;
			children = (
				C3E458481D053ABE00F28C27 /* SpartanLogTests.swift */,
				C3E4584A1D053ABE00F28C27 /* Info.plist */,
			);
			path = SpartanLogTests;
			sourceTree = "<group>";
		};
		C3E458521D053ABE00F28C27 /* SpartanLogUITests */ = {
			isa = PBXGroup;
			children = (
				C3E458531D053ABE00F28C27 /* SpartanLogUITests.swift */,
				C3E458551D053ABE00F28C27 /* Info.plist */,
			);
			path = SpartanLogUITests;
			sourceTree = "<group>";
		};
		C3E458611D053D5300F28C27 /* Exercise */ = {
			isa = PBXGroup;
			children = (
				C3E458691D053DD000F28C27 /* ExerciseTableViewController.swift */,
				C3E4586B1D053DE300F28C27 /* ExerciseTableViewCell.swift */,
				C3E4586D1D053DF800F28C27 /* ExerciseDetailViewController.swift */,
				C3E4586F1D053E0C00F28C27 /* ExerciseService.swift */,
				C3E458711D053E1500F28C27 /* Exercise.swift */,
			);
			name = Exercise;
			sourceTree = "<group>";
		};
		C3E458621D053D5B00F28C27 /* Workout */ = {
			isa = PBXGroup;
			children = (
				C38FD2921D0632BD00272E5E /* ExerciseAttachment */,
				C3E458791D053E6A00F28C27 /* WorkoutDetailViewController.swift */,
				C3E458751D053E4F00F28C27 /* WorkoutTableViewController.swift */,
				C3E458771D053E5D00F28C27 /* WorkoutTableViewCell.swift */,
				C3E4587B1D053E7A00F28C27 /* Workout.swift */,
				C3E4587D1D053E8700F28C27 /* WorkoutService.swift */,
			);
			name = Workout;
			sourceTree = "<group>";
		};
		C3E458631D053D6100F28C27 /* Group */ = {
			isa = PBXGroup;
			children = (
				C38FD28D1D05A5DF00272E5E /* WorkoutAttachment */,
				C3E458831D053EBB00F28C27 /* GroupDetailViewController.swift */,
				C3E4587F1D053E9700F28C27 /* GroupTableViewController.swift */,
				C3E458811D053EA400F28C27 /* GroupTableViewCell.swift */,
				C3E458851D053ECE00F28C27 /* Group.swift */,
				C3E458871D053ED600F28C27 /* GroupService.swift */,
			);
			name = Group;
			sourceTree = "<group>";
		};
		C3E458641D053D6800F28C27 /* Login */ = {
			isa = PBXGroup;
			children = (
				C3E458891D053EF000F28C27 /* LoginViewController.swift */,
				C38FD2971D06E31200272E5E /* RegisterViewController.swift */,
				C3E4588B1D053EFB00F28C27 /* UserService.swift */,
			);
			name = Login;
			sourceTree = "<group>";
		};
		C3E458651D053D6E00F28C27 /* Log */ = {
			isa = PBXGroup;
			children = (
				C3E458661D053D7C00F28C27 /* Set */,
				C3E458971D053F6000F28C27 /* SelectGroupTableViewController.swift */,
				C3E458991D053F7000F28C27 /* SelectWorkoutTableViewController.swift */,
				C3E4589B1D053F8100F28C27 /* SelectExerciseTableViewController.swift */,
				C34C84261D05785400AC0042 /* SelectGroupTableViewCell.swift */,
				C34C84281D05786200AC0042 /* SelectWorkoutTableViewCell.swift */,
				C34C842A1D05787600AC0042 /* SelectExerciseTableViewCell.swift */,
			);
			name = Log;
			sourceTree = "<group>";
		};
		C3E458661D053D7C00F28C27 /* Set */ = {
			isa = PBXGroup;
			children = (
				C3E4588D1D053F0C00F28C27 /* SetDetailViewController.swift */,
				C3E4588F1D053F1A00F28C27 /* SetTableViewController.swift */,
				C3E458911D053F2700F28C27 /* SetTableViewCell.swift */,
				C3E458931D053F3400F28C27 /* SetService.swift */,
				C3E458951D053F3B00F28C27 /* Set.swift */,
			);
			name = Set;
			sourceTree = "<group>";
		};
/* End PBXGroup section */

/* Begin PBXNativeTarget section */
		C3E4582F1D053ABE00F28C27 /* SpartanLog */ = {
			isa = PBXNativeTarget;
			buildConfigurationList = C3E458581D053ABE00F28C27 /* Build configuration list for PBXNativeTarget "SpartanLog" */;
			buildPhases = (
				C3E4582C1D053ABE00F28C27 /* Sources */,
				C3E4582D1D053ABE00F28C27 /* Frameworks */,
				C3E4582E1D053ABE00F28C27 /* Resources */,
			);
			buildRules = (
			);
			dependencies = (
			);
			name = SpartanLog;
			productName = SpartanLog;
			productReference = C3E458301D053ABE00F28C27 /* SpartanLog.app */;
			productType = "com.apple.product-type.application";
		};
		C3E458431D053ABE00F28C27 /* SpartanLogTests */ = {
			isa = PBXNativeTarget;
			buildConfigurationList = C3E4585B1D053ABE00F28C27 /* Build configuration list for PBXNativeTarget "SpartanLogTests" */;
			buildPhases = (
				C3E458401D053ABE00F28C27 /* Sources */,
				C3E458411D053ABE00F28C27 /* Frameworks */,
				C3E458421D053ABE00F28C27 /* Resources */,
			);
			buildRules = (
			);
			dependencies = (
				C3E458461D053ABE00F28C27 /* PBXTargetDependency */,
			);
			name = SpartanLogTests;
			productName = SpartanLogTests;
			productReference = C3E458441D053ABE00F28C27 /* SpartanLogTests.xctest */;
			productType = "com.apple.product-type.bundle.unit-test";
		};
		C3E4584E1D053ABE00F28C27 /* SpartanLogUITests */ = {
			isa = PBXNativeTarget;
			buildConfigurationList = C3E4585E1D053ABE00F28C27 /* Build configuration list for PBXNativeTarget "SpartanLogUITests" */;
			buildPhases = (
				C3E4584B1D053ABE00F28C27 /* Sources */,
				C3E4584C1D053ABE00F28C27 /* Frameworks */,
				C3E4584D1D053ABE00F28C27 /* Resources */,
			);
			buildRules = (
			);
			dependencies = (
				C3E458511D053ABE00F28C27 /* PBXTargetDependency */,
			);
			name = SpartanLogUITests;
			productName = SpartanLogUITests;
			productReference = C3E4584F1D053ABE00F28C27 /* SpartanLogUITests.xctest */;
			productType = "com.apple.product-type.bundle.ui-testing";
		};
/* End PBXNativeTarget section */

/* Begin PBXProject section */
		C3E458281D053ABE00F28C27 /* Project object */ = {
			isa = PBXProject;
			attributes = {
				LastSwiftUpdateCheck = 0730;
				LastUpgradeCheck = 0730;
				ORGANIZATIONNAME = "Colin Conduff";
				TargetAttributes = {
					C3E4582F1D053ABE00F28C27 = {
						CreatedOnToolsVersion = 7.3.1;
					};
					C3E458431D053ABE00F28C27 = {
						CreatedOnToolsVersion = 7.3.1;
						TestTargetID = C3E4582F1D053ABE00F28C27;
					};
					C3E4584E1D053ABE00F28C27 = {
						CreatedOnToolsVersion = 7.3.1;
						TestTargetID = C3E4582F1D053ABE00F28C27;
					};
				};
			};
			buildConfigurationList = C3E4582B1D053ABE00F28C27 /* Build configuration list for PBXProject "SpartanLog" */;
			compatibilityVersion = "Xcode 3.2";
			developmentRegion = English;
			hasScannedForEncodings = 0;
			knownRegions = (
				en,
				Base,
			);
			mainGroup = C3E458271D053ABE00F28C27;
			productRefGroup = C3E458311D053ABE00F28C27 /* Products */;
			projectDirPath = "";
			projectRoot = "";
			targets = (
				C3E4582F1D053ABE00F28C27 /* SpartanLog */,
				C3E458431D053ABE00F28C27 /* SpartanLogTests */,
				C3E4584E1D053ABE00F28C27 /* SpartanLogUITests */,
			);
		};
/* End PBXProject section */

/* Begin PBXResourcesBuildPhase section */
		C3E4582E1D053ABE00F28C27 /* Resources */ = {
			isa = PBXResourcesBuildPhase;
			buildActionMask = 2147483647;
			files = (
				C3E4583E1D053ABE00F28C27 /* LaunchScreen.storyboard in Resources */,
				C3E4583B1D053ABE00F28C27 /* Assets.xcassets in Resources */,
				C3E458391D053ABE00F28C27 /* Main.storyboard in Resources */,
			);
			runOnlyForDeploymentPostprocessing = 0;
		};
		C3E458421D053ABE00F28C27 /* Resources */ = {
			isa = PBXResourcesBuildPhase;
			buildActionMask = 2147483647;
			files = (
			);
			runOnlyForDeploymentPostprocessing = 0;
		};
		C3E4584D1D053ABE00F28C27 /* Resources */ = {
			isa = PBXResourcesBuildPhase;
			buildActionMask = 2147483647;
			files = (
			);
			runOnlyForDeploymentPostprocessing = 0;
		};
/* End PBXResourcesBuildPhase section */

/* Begin PBXSourcesBuildPhase section */
		C3E4582C1D053ABE00F28C27 /* Sources */ = {
			isa = PBXSourcesBuildPhase;
			buildActionMask = 2147483647;
			files = (
				C3E458921D053F2700F28C27 /* SetTableViewCell.swift in Sources */,
				C3E4588C1D053EFB00F28C27 /* UserService.swift in Sources */,
				C3E4588A1D053EF000F28C27 /* LoginViewController.swift in Sources */,
				C3E458701D053E0C00F28C27 /* ExerciseService.swift in Sources */,
				C3E4586C1D053DE300F28C27 /* ExerciseTableViewCell.swift in Sources */,
				C3E458981D053F6000F28C27 /* SelectGroupTableViewController.swift in Sources */,
				C3E4587A1D053E6A00F28C27 /* WorkoutDetailViewController.swift in Sources */,
				C3E458861D053ECE00F28C27 /* Group.swift in Sources */,
				C3E4587E1D053E8700F28C27 /* WorkoutService.swift in Sources */,
				C34C842B1D05787600AC0042 /* SelectExerciseTableViewCell.swift in Sources */,
				C3E458961D053F3B00F28C27 /* Set.swift in Sources */,
				C3E458761D053E4F00F28C27 /* WorkoutTableViewController.swift in Sources */,
				C3E458341D053ABE00F28C27 /* AppDelegate.swift in Sources */,
				C3E4586E1D053DF800F28C27 /* ExerciseDetailViewController.swift in Sources */,
				C3E458821D053EA400F28C27 /* GroupTableViewCell.swift in Sources */,
				C34C84271D05785400AC0042 /* SelectGroupTableViewCell.swift in Sources */,
				C3E4587C1D053E7A00F28C27 /* Workout.swift in Sources */,
				C34C84291D05786200AC0042 /* SelectWorkoutTableViewCell.swift in Sources */,
				C3E458841D053EBB00F28C27 /* GroupDetailViewController.swift in Sources */,
				C3E458721D053E1500F28C27 /* Exercise.swift in Sources */,
				C38FD2961D06331100272E5E /* AttachExerciseTableViewController.swift in Sources */,
				C38FD2911D05A64A00272E5E /* AttachWorkoutTableViewCell.swift in Sources */,
				C3E458741D053E2900F28C27 /* SpartanAPI.swift in Sources */,
				C3E458781D053E5D00F28C27 /* WorkoutTableViewCell.swift in Sources */,
				C3E4589C1D053F8100F28C27 /* SelectExerciseTableViewController.swift in Sources */,
				C3E458881D053ED600F28C27 /* GroupService.swift in Sources */,
				C38FD28F1D05A63600272E5E /* AttachWorkoutTableViewController.swift in Sources */,
				C38FD2981D06E31200272E5E /* RegisterViewController.swift in Sources */,
				C38FD2941D0632F900272E5E /* AttachExerciseTableViewCell.swift in Sources */,
				C3E458901D053F1A00F28C27 /* SetTableViewController.swift in Sources */,
				C3E458801D053E9700F28C27 /* GroupTableViewController.swift in Sources */,
				C3E4588E1D053F0C00F28C27 /* SetDetailViewController.swift in Sources */,
				C3E4589E1D0552D600F28C27 /* PerformUIUpdatesOnMain.swift in Sources */,
				C3E4589A1D053F7000F28C27 /* SelectWorkoutTableViewController.swift in Sources */,
				C3E458941D053F3400F28C27 /* SetService.swift in Sources */,
				C3E4586A1D053DD000F28C27 /* ExerciseTableViewController.swift in Sources */,
			);
			runOnlyForDeploymentPostprocessing = 0;
		};
		C3E458401D053ABE00F28C27 /* Sources */ = {
			isa = PBXSourcesBuildPhase;
			buildActionMask = 2147483647;
			files = (
				C3E458491D053ABE00F28C27 /* SpartanLogTests.swift in Sources */,
			);
			runOnlyForDeploymentPostprocessing = 0;
		};
		C3E4584B1D053ABE00F28C27 /* Sources */ = {
			isa = PBXSourcesBuildPhase;
			buildActionMask = 2147483647;
			files = (
				C3E458541D053ABE00F28C27 /* SpartanLogUITests.swift in Sources */,
			);
			runOnlyForDeploymentPostprocessing = 0;
		};
/* End PBXSourcesBuildPhase section */

/* Begin PBXTargetDependency section */
		C3E458461D053ABE00F28C27 /* PBXTargetDependency */ = {
			isa = PBXTargetDependency;
			target = C3E4582F1D053ABE00F28C27 /* SpartanLog */;
			targetProxy = C3E458451D053ABE00F28C27 /* PBXContainerItemProxy */;
		};
		C3E458511D053ABE00F28C27 /* PBXTargetDependency */ = {
			isa = PBXTargetDependency;
			target = C3E4582F1D053ABE00F28C27 /* SpartanLog */;
			targetProxy = C3E458501D053ABE00F28C27 /* PBXContainerItemProxy */;
		};
/* End PBXTargetDependency section */

/* Begin PBXVariantGroup section */
		C3E458371D053ABE00F28C27 /* Main.storyboard */ = {
			isa = PBXVariantGroup;
			children = (
				C3E458381D053ABE00F28C27 /* Base */,
			);
			name = Main.storyboard;
			sourceTree = "<group>";
		};
		C3E4583C1D053ABE00F28C27 /* LaunchScreen.storyboard */ = {
			isa = PBXVariantGroup;
			children = (
				C3E4583D1D053ABE00F28C27 /* Base */,
			);
			name = LaunchScreen.storyboard;
			sourceTree = "<group>";
		};
/* End PBXVariantGroup section */

/* Begin XCBuildConfiguration section */
		C3E458561D053ABE00F28C27 /* Debug */ = {
			isa = XCBuildConfiguration;
			buildSettings = {
				ALWAYS_SEARCH_USER_PATHS = NO;
				CLANG_ANALYZER_NONNULL = YES;
				CLANG_CXX_LANGUAGE_STANDARD = "gnu++0x";
				CLANG_CXX_LIBRARY = "libc++";
				CLANG_ENABLE_MODULES = YES;
				CLANG_ENABLE_OBJC_ARC = YES;
				CLANG_WARN_BOOL_CONVERSION = YES;
				CLANG_WARN_CONSTANT_CONVERSION = YES;
				CLANG_WARN_DIRECT_OBJC_ISA_USAGE = YES_ERROR;
				CLANG_WARN_EMPTY_BODY = YES;
				CLANG_WARN_ENUM_CONVERSION = YES;
				CLANG_WARN_INT_CONVERSION = YES;
				CLANG_WARN_OBJC_ROOT_CLASS = YES_ERROR;
				CLANG_WARN_UNREACHABLE_CODE = YES;
				CLANG_WARN__DUPLICATE_METHOD_MATCH = YES;
				"CODE_SIGN_IDENTITY[sdk=iphoneos*]" = "iPhone Developer";
				COPY_PHASE_STRIP = NO;
				DEBUG_INFORMATION_FORMAT = dwarf;
				ENABLE_STRICT_OBJC_MSGSEND = YES;
				ENABLE_TESTABILITY = YES;
				GCC_C_LANGUAGE_STANDARD = gnu99;
				GCC_DYNAMIC_NO_PIC = NO;
				GCC_NO_COMMON_BLOCKS = YES;
				GCC_OPTIMIZATION_LEVEL = 0;
				GCC_PREPROCESSOR_DEFINITIONS = (
					"DEBUG=1",
					"$(inherited)",
				);
				GCC_WARN_64_TO_32_BIT_CONVERSION = YES;
				GCC_WARN_ABOUT_RETURN_TYPE = YES_ERROR;
				GCC_WARN_UNDECLARED_SELECTOR = YES;
				GCC_WARN_UNINITIALIZED_AUTOS = YES_AGGRESSIVE;
				GCC_WARN_UNUSED_FUNCTION = YES;
				GCC_WARN_UNUSED_VARIABLE = YES;
				IPHONEOS_DEPLOYMENT_TARGET = 9.3;
				MTL_ENABLE_DEBUG_INFO = YES;
				ONLY_ACTIVE_ARCH = YES;
				SDKROOT = iphoneos;
				SWIFT_OPTIMIZATION_LEVEL = "-Onone";
				TARGETED_DEVICE_FAMILY = "1,2";
			};
			name = Debug;
		};
		C3E458571D053ABE00F28C27 /* Release */ = {
			isa = XCBuildConfiguration;
			buildSettings = {
				ALWAYS_SEARCH_USER_PATHS = NO;
				CLANG_ANALYZER_NONNULL = YES;
				CLANG_CXX_LANGUAGE_STANDARD = "gnu++0x";
				CLANG_CXX_LIBRARY = "libc++";
				CLANG_ENABLE_MODULES = YES;
				CLANG_ENABLE_OBJC_ARC = YES;
				CLANG_WARN_BOOL_CONVERSION = YES;
				CLANG_WARN_CONSTANT_CONVERSION = YES;
				CLANG_WARN_DIRECT_OBJC_ISA_USAGE = YES_ERROR;
				CLANG_WARN_EMPTY_BODY = YES;
				CLANG_WARN_ENUM_CONVERSION = YES;
				CLANG_WARN_INT_CONVERSION = YES;
				CLANG_WARN_OBJC_ROOT_CLASS = YES_ERROR;
				CLANG_WARN_UNREACHABLE_CODE = YES;
				CLANG_WARN__DUPLICATE_METHOD_MATCH = YES;
				"CODE_SIGN_IDENTITY[sdk=iphoneos*]" = "iPhone Developer";
				COPY_PHASE_STRIP = NO;
				DEBUG_INFORMATION_FORMAT = "dwarf-with-dsym";
				ENABLE_NS_ASSERTIONS = NO;
				ENABLE_STRICT_OBJC_MSGSEND = YES;
				GCC_C_LANGUAGE_STANDARD = gnu99;
				GCC_NO_COMMON_BLOCKS = YES;
				GCC_WARN_64_TO_32_BIT_CONVERSION = YES;
				GCC_WARN_ABOUT_RETURN_TYPE = YES_ERROR;
				GCC_WARN_UNDECLARED_SELECTOR = YES;
				GCC_WARN_UNINITIALIZED_AUTOS = YES_AGGRESSIVE;
				GCC_WARN_UNUSED_FUNCTION = YES;
				GCC_WARN_UNUSED_VARIABLE = YES;
				IPHONEOS_DEPLOYMENT_TARGET = 9.3;
				MTL_ENABLE_DEBUG_INFO = NO;
				SDKROOT = iphoneos;
				TARGETED_DEVICE_FAMILY = "1,2";
				VALIDATE_PRODUCT = YES;
			};
			name = Release;
		};
		C3E458591D053ABE00F28C27 /* Debug */ = {
			isa = XCBuildConfiguration;
			buildSettings = {
				ASSETCATALOG_COMPILER_APPICON_NAME = AppIcon;
				INFOPLIST_FILE = SpartanLog/Info.plist;
				LD_RUNPATH_SEARCH_PATHS = "$(inherited) @executable_path/Frameworks";
				PRODUCT_BUNDLE_IDENTIFIER = com.ColinConduff.SpartanLog;
				PRODUCT_NAME = "$(TARGET_NAME)";
			};
			name = Debug;
		};
		C3E4585A1D053ABE00F28C27 /* Release */ = {
			isa = XCBuildConfiguration;
			buildSettings = {
				ASSETCATALOG_COMPILER_APPICON_NAME = AppIcon;
				INFOPLIST_FILE = SpartanLog/Info.plist;
				LD_RUNPATH_SEARCH_PATHS = "$(inherited) @executable_path/Frameworks";
				PRODUCT_BUNDLE_IDENTIFIER = com.ColinConduff.SpartanLog;
				PRODUCT_NAME = "$(TARGET_NAME)";
			};
			name = Release;
		};
		C3E4585C1D053ABE00F28C27 /* Debug */ = {
			isa = XCBuildConfiguration;
			buildSettings = {
				BUNDLE_LOADER = "$(TEST_HOST)";
				INFOPLIST_FILE = SpartanLogTests/Info.plist;
				LD_RUNPATH_SEARCH_PATHS = "$(inherited) @executable_path/Frameworks @loader_path/Frameworks";
				PRODUCT_BUNDLE_IDENTIFIER = com.ColinConduff.SpartanLogTests;
				PRODUCT_NAME = "$(TARGET_NAME)";
				TEST_HOST = "$(BUILT_PRODUCTS_DIR)/SpartanLog.app/SpartanLog";
			};
			name = Debug;
		};
		C3E4585D1D053ABE00F28C27 /* Release */ = {
			isa = XCBuildConfiguration;
			buildSettings = {
				BUNDLE_LOADER = "$(TEST_HOST)";
				INFOPLIST_FILE = SpartanLogTests/Info.plist;
				LD_RUNPATH_SEARCH_PATHS = "$(inherited) @executable_path/Frameworks @loader_path/Frameworks";
				PRODUCT_BUNDLE_IDENTIFIER = com.ColinConduff.SpartanLogTests;
				PRODUCT_NAME = "$(TARGET_NAME)";
				TEST_HOST = "$(BUILT_PRODUCTS_DIR)/SpartanLog.app/SpartanLog";
			};
			name = Release;
		};
		C3E4585F1D053ABE00F28C27 /* Debug */ = {
			isa = XCBuildConfiguration;
			buildSettings = {
				INFOPLIST_FILE = SpartanLogUITests/Info.plist;
				LD_RUNPATH_SEARCH_PATHS = "$(inherited) @executable_path/Frameworks @loader_path/Frameworks";
				PRODUCT_BUNDLE_IDENTIFIER = com.ColinConduff.SpartanLogUITests;
				PRODUCT_NAME = "$(TARGET_NAME)";
				TEST_TARGET_NAME = SpartanLog;
			};
			name = Debug;
		};
		C3E458601D053ABE00F28C27 /* Release */ = {
			isa = XCBuildConfiguration;
			buildSettings = {
				INFOPLIST_FILE = SpartanLogUITests/Info.plist;
				LD_RUNPATH_SEARCH_PATHS = "$(inherited) @executable_path/Frameworks @loader_path/Frameworks";
				PRODUCT_BUNDLE_IDENTIFIER = com.ColinConduff.SpartanLogUITests;
				PRODUCT_NAME = "$(TARGET_NAME)";
				TEST_TARGET_NAME = SpartanLog;
			};
			name = Release;
		};
/* End XCBuildConfiguration section */

/* Begin XCConfigurationList section */
		C3E4582B1D053ABE00F28C27 /* Build configuration list for PBXProject "SpartanLog" */ = {
			isa = XCConfigurationList;
			buildConfigurations = (
				C3E458561D053ABE00F28C27 /* Debug */,
				C3E458571D053ABE00F28C27 /* Release */,
			);
			defaultConfigurationIsVisible = 0;
			defaultConfigurationName = Release;
		};
		C3E458581D053ABE00F28C27 /* Build configuration list for PBXNativeTarget "SpartanLog" */ = {
			isa = XCConfigurationList;
			buildConfigurations = (
				C3E458591D053ABE00F28C27 /* Debug */,
				C3E4585A1D053ABE00F28C27 /* Release */,
			);
			defaultConfigurationIsVisible = 0;
			defaultConfigurationName = Release;
		};
		C3E4585B1D053ABE00F28C27 /* Build configuration list for PBXNativeTarget "SpartanLogTests" */ = {
			isa = XCConfigurationList;
			buildConfigurations = (
				C3E4585C1D053ABE00F28C27 /* Debug */,
				C3E4585D1D053ABE00F28C27 /* Release */,
			);
			defaultConfigurationIsVisible = 0;
			defaultConfigurationName = Release;
		};
		C3E4585E1D053ABE00F28C27 /* Build configuration list for PBXNativeTarget "SpartanLogUITests" */ = {
			isa = XCConfigurationList;
			buildConfigurations = (
				C3E4585F1D053ABE00F28C27 /* Debug */,
				C3E458601D053ABE00F28C27 /* Release */,
			);
			defaultConfigurationIsVisible = 0;
			defaultConfigurationName = Release;
		};
/* End XCConfigurationList section */
	};
	rootObject = C3E458281D053ABE00F28C27 /* Project object */;
}
